
Microsoft Visual Studio Solution File, Format Version 12.00
# Visual Studio 2012
Project("{FAE04EC0-301F-11D3-BF4B-00C04F79EFBC}") = "Serial", "ParallerProgramming\Serial.csproj", "{078B8332-3730-4DFB-BAF8-DB52B3C39E89}"
EndProject
Project("{FAE04EC0-301F-11D3-BF4B-00C04F79EFBC}") = "MultiThread", "Async\MultiThread.csproj", "{2AB57DB2-33D6-49A3-897D-2A529E9A98DD}"
EndProject
Project("{FAE04EC0-301F-11D3-BF4B-00C04F79EFBC}") = "Common", "Common\Common.csproj", "{77DA7D59-C946-4833-BB0C-1ED79C9088E8}"
EndProject
Project("{FAE04EC0-301F-11D3-BF4B-00C04F79EFBC}") = "SingleThreadParallelism", "SingleThreadParallelism\SingleThreadParallelism.csproj", "{82FB14F7-A4BF-4AE9-B8E5-F2C3FCEA1AF8}"
EndProject
Project("{FAE04EC0-301F-11D3-BF4B-00C04F79EFBC}") = "WebApplication", "WebApplication\WebApplication.csproj", "{C0758A3C-DEA0-466B-8662-5189B8EDF18C}"
EndProject
Project("{FAE04EC0-301F-11D3-BF4B-00C04F79EFBC}") = "RealWorldSingleThreaded", "RealWorldSingleThreaded\RealWorldSingleThreaded.csproj", "{691B3544-61FB-4ADF-ACFC-DB93C89A10A0}"
EndProject
Global
	GlobalSection(SolutionConfigurationPlatforms) = preSolution
		Debug|Any CPU = Debug|Any CPU
		Release|Any CPU = Release|Any CPU
	EndGlobalSection
	GlobalSection(ProjectConfigurationPlatforms) = postSolution
		{078B8332-3730-4DFB-BAF8-DB52B3C39E89}.Debug|Any CPU.ActiveCfg = Debug|Any CPU
		{078B8332-3730-4DFB-BAF8-DB52B3C39E89}.Debug|Any CPU.Build.0 = Debug|Any CPU
		{078B8332-3730-4DFB-BAF8-DB52B3C39E89}.Release|Any CPU.ActiveCfg = Release|Any CPU
		{078B8332-3730-4DFB-BAF8-DB52B3C39E89}.Release|Any CPU.Build.0 = Release|Any CPU
		{2AB57DB2-33D6-49A3-897D-2A529E9A98DD}.Debug|Any CPU.ActiveCfg = Debug|Any CPU
		{2AB57DB2-33D6-49A3-897D-2A529E9A98DD}.Debug|Any CPU.Build.0 = Debug|Any CPU
		{2AB57DB2-33D6-49A3-897D-2A529E9A98DD}.Release|Any CPU.ActiveCfg = Release|Any CPU
		{2AB57DB2-33D6-49A3-897D-2A529E9A98DD}.Release|Any CPU.Build.0 = Release|Any CPU
		{77DA7D59-C946-4833-BB0C-1ED79C9088E8}.Debug|Any CPU.ActiveCfg = Debug|Any CPU
		{77DA7D59-C946-4833-BB0C-1ED79C9088E8}.Debug|Any CPU.Build.0 = Debug|Any CPU
		{77DA7D59-C946-4833-BB0C-1ED79C9088E8}.Release|Any CPU.ActiveCfg = Release|Any CPU
		{77DA7D59-C946-4833-BB0C-1ED79C9088E8}.Release|Any CPU.Build.0 = Release|Any CPU
		{82FB14F7-A4BF-4AE9-B8E5-F2C3FCEA1AF8}.Debug|Any CPU.ActiveCfg = Debug|Any CPU
		{82FB14F7-A4BF-4AE9-B8E5-F2C3FCEA1AF8}.Debug|Any CPU.Build.0 = Debug|Any CPU
		{82FB14F7-A4BF-4AE9-B8E5-F2C3FCEA1AF8}.Release|Any CPU.ActiveCfg = Release|Any CPU
		{82FB14F7-A4BF-4AE9-B8E5-F2C3FCEA1AF8}.Release|Any CPU.Build.0 = Release|Any CPU
		{C0758A3C-DEA0-466B-8662-5189B8EDF18C}.Debug|Any CPU.ActiveCfg = Debug|Any CPU
		{C0758A3C-DEA0-466B-8662-5189B8EDF18C}.Debug|Any CPU.Build.0 = Debug|Any CPU
		{C0758A3C-DEA0-466B-8662-5189B8EDF18C}.Release|Any CPU.ActiveCfg = Release|Any CPU
		{C0758A3C-DEA0-466B-8662-5189B8EDF18C}.Release|Any CPU.Build.0 = Release|Any CPU
		{691B3544-61FB-4ADF-ACFC-DB93C89A10A0}.Debug|Any CPU.ActiveCfg = Debug|Any CPU
		{691B3544-61FB-4ADF-ACFC-DB93C89A10A0}.Debug|Any CPU.Build.0 = Debug|Any CPU
		{691B3544-61FB-4ADF-ACFC-DB93C89A10A0}.Release|Any CPU.ActiveCfg = Release|Any CPU
		{691B3544-61FB-4ADF-ACFC-DB93C89A10A0}.Release|Any CPU.Build.0 = Release|Any CPU
	EndGlobalSection
	GlobalSection(SolutionProperties) = preSolution
		HideSolutionNode = FALSE
	EndGlobalSection
EndGlobal
